
Microsoft Visual Studio Solution File, Format Version 12.00
# Visual Studio Version 17
VisualStudioVersion = 17.12.35527.113
MinimumVisualStudioVersion = 10.0.40219.1
Project("{FAE04EC0-301F-11D3-BF4B-00C04F79EFBC}") = "WebAPI", "src\WebAPI\WebAPI.csproj", "{D76FD380-AEC5-49FD-9650-AD851DFD874E}"
EndProject
Project("{FAE04EC0-301F-11D3-BF4B-00C04F79EFBC}") = "Domain", "src\Domain\Domain.csproj", "{5098E172-D654-47BE-8D3F-52CCDA3447F8}"
EndProject
Project("{FAE04EC0-301F-11D3-BF4B-00C04F79EFBC}") = "Infrastructure", "src\Infrastructure\Infrastructure.csproj", "{383F7197-320B-4C04-ACBF-EB113604B089}"
EndProject
Project("{FAE04EC0-301F-11D3-BF4B-00C04F79EFBC}") = "Application", "src\Application\Application.csproj", "{52E04102-5BD7-4695-A79B-7380A5A2A701}"
EndProject
Project("{2150E333-8FDC-42A3-9474-1A3956D46DE8}") = "Solution Items", "Solution Items", "{AB1CCE4F-6EAD-4BC1-9DAA-CB5F4C14ED75}"
	ProjectSection(SolutionItems) = preProject
		Cria e Carrega Banco.sql = Cria e Carrega Banco.sql
		docker-compose.yml = docker-compose.yml
		README.md = README.md
	EndProjectSection
EndProject
Project("{FAE04EC0-301F-11D3-BF4B-00C04F79EFBC}") = "ProcessSupplyOrders", "src\ProcessSupplyOrders\ProcessSupplyOrders.csproj", "{E3ABF964-5FE0-4005-BE1A-8F341E42B2A6}"
EndProject
Project("{2150E333-8FDC-42A3-9474-1A3956D46DE8}") = "Core", "Core", "{03FCD0A6-4A6E-4BEF-98AA-84F0C662D5E2}"
EndProject
Project("{2150E333-8FDC-42A3-9474-1A3956D46DE8}") = "Presentation", "Presentation", "{F9762289-3A43-4257-B8BE-2EFA1712F7FA}"
EndProject
Project("{FAE04EC0-301F-11D3-BF4B-00C04F79EFBC}") = "OrderManagement.Tests", "tests\OrderManagement.Tests\OrderManagement.Tests.csproj", "{EF66B16B-5D45-43C6-8C19-AA2CAF0BB04A}"
EndProject
Global
	GlobalSection(SolutionConfigurationPlatforms) = preSolution
		Debug|Any CPU = Debug|Any CPU
		Release|Any CPU = Release|Any CPU
	EndGlobalSection
	GlobalSection(ProjectConfigurationPlatforms) = postSolution
		{D76FD380-AEC5-49FD-9650-AD851DFD874E}.Debug|Any CPU.ActiveCfg = Debug|Any CPU
		{D76FD380-AEC5-49FD-9650-AD851DFD874E}.Debug|Any CPU.Build.0 = Debug|Any CPU
		{D76FD380-AEC5-49FD-9650-AD851DFD874E}.Release|Any CPU.ActiveCfg = Release|Any CPU
		{D76FD380-AEC5-49FD-9650-AD851DFD874E}.Release|Any CPU.Build.0 = Release|Any CPU
		{5098E172-D654-47BE-8D3F-52CCDA3447F8}.Debug|Any CPU.ActiveCfg = Debug|Any CPU
		{5098E172-D654-47BE-8D3F-52CCDA3447F8}.Debug|Any CPU.Build.0 = Debug|Any CPU
		{5098E172-D654-47BE-8D3F-52CCDA3447F8}.Release|Any CPU.ActiveCfg = Release|Any CPU
		{5098E172-D654-47BE-8D3F-52CCDA3447F8}.Release|Any CPU.Build.0 = Release|Any CPU
		{383F7197-320B-4C04-ACBF-EB113604B089}.Debug|Any CPU.ActiveCfg = Debug|Any CPU
		{383F7197-320B-4C04-ACBF-EB113604B089}.Debug|Any CPU.Build.0 = Debug|Any CPU
		{383F7197-320B-4C04-ACBF-EB113604B089}.Release|Any CPU.ActiveCfg = Release|Any CPU
		{383F7197-320B-4C04-ACBF-EB113604B089}.Release|Any CPU.Build.0 = Release|Any CPU
		{52E04102-5BD7-4695-A79B-7380A5A2A701}.Debug|Any CPU.ActiveCfg = Debug|Any CPU
		{52E04102-5BD7-4695-A79B-7380A5A2A701}.Debug|Any CPU.Build.0 = Debug|Any CPU
		{52E04102-5BD7-4695-A79B-7380A5A2A701}.Release|Any CPU.ActiveCfg = Release|Any CPU
		{52E04102-5BD7-4695-A79B-7380A5A2A701}.Release|Any CPU.Build.0 = Release|Any CPU
		{E3ABF964-5FE0-4005-BE1A-8F341E42B2A6}.Debug|Any CPU.ActiveCfg = Debug|Any CPU
		{E3ABF964-5FE0-4005-BE1A-8F341E42B2A6}.Debug|Any CPU.Build.0 = Debug|Any CPU
		{E3ABF964-5FE0-4005-BE1A-8F341E42B2A6}.Release|Any CPU.ActiveCfg = Release|Any CPU
		{E3ABF964-5FE0-4005-BE1A-8F341E42B2A6}.Release|Any CPU.Build.0 = Release|Any CPU
		{EF66B16B-5D45-43C6-8C19-AA2CAF0BB04A}.Debug|Any CPU.ActiveCfg = Debug|Any CPU
		{EF66B16B-5D45-43C6-8C19-AA2CAF0BB04A}.Debug|Any CPU.Build.0 = Debug|Any CPU
		{EF66B16B-5D45-43C6-8C19-AA2CAF0BB04A}.Release|Any CPU.ActiveCfg = Release|Any CPU
		{EF66B16B-5D45-43C6-8C19-AA2CAF0BB04A}.Release|Any CPU.Build.0 = Release|Any CPU
	EndGlobalSection
	GlobalSection(SolutionProperties) = preSolution
		HideSolutionNode = FALSE
	EndGlobalSection
	GlobalSection(NestedProjects) = preSolution
		{D76FD380-AEC5-49FD-9650-AD851DFD874E} = {F9762289-3A43-4257-B8BE-2EFA1712F7FA}
		{5098E172-D654-47BE-8D3F-52CCDA3447F8} = {03FCD0A6-4A6E-4BEF-98AA-84F0C662D5E2}
		{383F7197-320B-4C04-ACBF-EB113604B089} = {03FCD0A6-4A6E-4BEF-98AA-84F0C662D5E2}
		{52E04102-5BD7-4695-A79B-7380A5A2A701} = {03FCD0A6-4A6E-4BEF-98AA-84F0C662D5E2}
		{E3ABF964-5FE0-4005-BE1A-8F341E42B2A6} = {F9762289-3A43-4257-B8BE-2EFA1712F7FA}
	EndGlobalSection
EndGlobal
